// !$*UTF8*$!
{
	archiveVersion = 1;
	classes = {
	};
	objectVersion = 48;
	objects = {

/* Begin PBXBuildFile section */
		90E2EB65B1FFBA4AA933AB63 /* libPods-ChatApp.a in Frameworks */ = {isa = PBXBuildFile; fileRef = 8DD04DDC7D41CFA7AF0F70FB /* libPods-ChatApp.a */; };
		9B66D3ECCFBE2C0656C75204 /* libPods-ChatAppUITests.a in Frameworks */ = {isa = PBXBuildFile; fileRef = C93F49780ACCF8421ED47D8A /* libPods-ChatAppUITests.a */; };
		AA9E2C1777B21EC989C77FE4 /* libPods-ChatAppTests.a in Frameworks */ = {isa = PBXBuildFile; fileRef = 4759EC96D109F7CA016FDEDF /* libPods-ChatAppTests.a */; };
		DE47D1911FF96A9C000B6C08 /* Extensions.swift in Sources */ = {isa = PBXBuildFile; fileRef = DE47D1901FF96A9C000B6C08 /* Extensions.swift */; };
		DE4BDD5F1FF5244E00E67C45 /* AppDelegate.swift in Sources */ = {isa = PBXBuildFile; fileRef = DE4BDD5E1FF5244E00E67C45 /* AppDelegate.swift */; };
		DE4BDD611FF5244E00E67C45 /* MessagesController.swift in Sources */ = {isa = PBXBuildFile; fileRef = DE4BDD601FF5244E00E67C45 /* MessagesController.swift */; };
		DE4BDD641FF5244E00E67C45 /* Main.storyboard in Resources */ = {isa = PBXBuildFile; fileRef = DE4BDD621FF5244E00E67C45 /* Main.storyboard */; };
		DE4BDD661FF5244E00E67C45 /* Assets.xcassets in Resources */ = {isa = PBXBuildFile; fileRef = DE4BDD651FF5244E00E67C45 /* Assets.xcassets */; };
		DE4BDD691FF5244E00E67C45 /* LaunchScreen.storyboard in Resources */ = {isa = PBXBuildFile; fileRef = DE4BDD671FF5244E00E67C45 /* LaunchScreen.storyboard */; };
		DE4BDD741FF5244F00E67C45 /* ChatAppTests.swift in Sources */ = {isa = PBXBuildFile; fileRef = DE4BDD731FF5244F00E67C45 /* ChatAppTests.swift */; };
		DE4BDD7F1FF5244F00E67C45 /* ChatAppUITests.swift in Sources */ = {isa = PBXBuildFile; fileRef = DE4BDD7E1FF5244F00E67C45 /* ChatAppUITests.swift */; };
		DE4BDD8E1FF526D500E67C45 /* LoginController.swift in Sources */ = {isa = PBXBuildFile; fileRef = DE4BDD8D1FF526D500E67C45 /* LoginController.swift */; };
		DE4BDD901FF5475700E67C45 /* GoogleService-Info.plist in Resources */ = {isa = PBXBuildFile; fileRef = DE4BDD8F1FF5475700E67C45 /* GoogleService-Info.plist */; };
		DE91B51120010C5500B97AF2 /* ChatMessageCell.swift in Sources */ = {isa = PBXBuildFile; fileRef = DE91B51020010C5500B97AF2 /* ChatMessageCell.swift */; };
		DEDD53B01FFE6B7000B10E62 /* ChatLogController.swift in Sources */ = {isa = PBXBuildFile; fileRef = DEDD53AF1FFE6B7000B10E62 /* ChatLogController.swift */; };
		DEDD53B41FFFC87900B10E62 /* Message.swift in Sources */ = {isa = PBXBuildFile; fileRef = DEDD53B31FFFC87900B10E62 /* Message.swift */; };
		DEDD53B71FFFD27C00B10E62 /* UserCell.swift in Sources */ = {isa = PBXBuildFile; fileRef = DEDD53B61FFFD27C00B10E62 /* UserCell.swift */; };
		DEF0D4B81FF58F250062AF22 /* NewMessageController.swift in Sources */ = {isa = PBXBuildFile; fileRef = DEF0D4B71FF58F250062AF22 /* NewMessageController.swift */; };
		DEFA87AB1FF7EF230025FAA6 /* User.swift in Sources */ = {isa = PBXBuildFile; fileRef = DEFA87AA1FF7EF230025FAA6 /* User.swift */; };
		DEFA87AD1FF838E90025FAA6 /* LoginController+handlers.swift in Sources */ = {isa = PBXBuildFile; fileRef = DEFA87AC1FF838E90025FAA6 /* LoginController+handlers.swift */; };
/* End PBXBuildFile section */

/* Begin PBXContainerItemProxy section */
		DE4BDD701FF5244E00E67C45 /* PBXContainerItemProxy */ = {
			isa = PBXContainerItemProxy;
			containerPortal = DE4BDD531FF5244E00E67C45 /* Project object */;
			proxyType = 1;
			remoteGlobalIDString = DE4BDD5A1FF5244E00E67C45;
			remoteInfo = ChatApp;
		};
		DE4BDD7B1FF5244F00E67C45 /* PBXContainerItemProxy */ = {
			isa = PBXContainerItemProxy;
			containerPortal = DE4BDD531FF5244E00E67C45 /* Project object */;
			proxyType = 1;
			remoteGlobalIDString = DE4BDD5A1FF5244E00E67C45;
			remoteInfo = ChatApp;
		};
/* End PBXContainerItemProxy section */

/* Begin PBXFileReference section */
		0BCD90BE5936AE8A7C9E5F05 /* Pods-ChatAppTests.debug.xcconfig */ = {isa = PBXFileReference; includeInIndex = 1; lastKnownFileType = text.xcconfig; name = "Pods-ChatAppTests.debug.xcconfig"; path = "Pods/Target Support Files/Pods-ChatAppTests/Pods-ChatAppTests.debug.xcconfig"; sourceTree = "<group>"; };
		1AB568B35526422D7D87CA7C /* Pods-ChatApp.debug.xcconfig */ = {isa = PBXFileReference; includeInIndex = 1; lastKnownFileType = text.xcconfig; name = "Pods-ChatApp.debug.xcconfig"; path = "Pods/Target Support Files/Pods-ChatApp/Pods-ChatApp.debug.xcconfig"; sourceTree = "<group>"; };
		24CBAF3687B34118FBF8CDDB /* Pods-ChatApp.release.xcconfig */ = {isa = PBXFileReference; includeInIndex = 1; lastKnownFileType = text.xcconfig; name = "Pods-ChatApp.release.xcconfig"; path = "Pods/Target Support Files/Pods-ChatApp/Pods-ChatApp.release.xcconfig"; sourceTree = "<group>"; };
		4759EC96D109F7CA016FDEDF /* libPods-ChatAppTests.a */ = {isa = PBXFileReference; explicitFileType = archive.ar; includeInIndex = 0; path = "libPods-ChatAppTests.a"; sourceTree = BUILT_PRODUCTS_DIR; };
		4AFD00C5D95F623254412BE1 /* Pods-ChatAppTests.release.xcconfig */ = {isa = PBXFileReference; includeInIndex = 1; lastKnownFileType = text.xcconfig; name = "Pods-ChatAppTests.release.xcconfig"; path = "Pods/Target Support Files/Pods-ChatAppTests/Pods-ChatAppTests.release.xcconfig"; sourceTree = "<group>"; };
		5D98175887C7C82A7CC7D942 /* Pods-ChatAppUITests.release.xcconfig */ = {isa = PBXFileReference; includeInIndex = 1; lastKnownFileType = text.xcconfig; name = "Pods-ChatAppUITests.release.xcconfig"; path = "Pods/Target Support Files/Pods-ChatAppUITests/Pods-ChatAppUITests.release.xcconfig"; sourceTree = "<group>"; };
		8DD04DDC7D41CFA7AF0F70FB /* libPods-ChatApp.a */ = {isa = PBXFileReference; explicitFileType = archive.ar; includeInIndex = 0; path = "libPods-ChatApp.a"; sourceTree = BUILT_PRODUCTS_DIR; };
		9C47A83CEAE027671A46755C /* Pods-ChatAppUITests.debug.xcconfig */ = {isa = PBXFileReference; includeInIndex = 1; lastKnownFileType = text.xcconfig; name = "Pods-ChatAppUITests.debug.xcconfig"; path = "Pods/Target Support Files/Pods-ChatAppUITests/Pods-ChatAppUITests.debug.xcconfig"; sourceTree = "<group>"; };
		C93F49780ACCF8421ED47D8A /* libPods-ChatAppUITests.a */ = {isa = PBXFileReference; explicitFileType = archive.ar; includeInIndex = 0; path = "libPods-ChatAppUITests.a"; sourceTree = BUILT_PRODUCTS_DIR; };
		DE47D1901FF96A9C000B6C08 /* Extensions.swift */ = {isa = PBXFileReference; lastKnownFileType = sourcecode.swift; path = Extensions.swift; sourceTree = "<group>"; };
		DE4BDD5B1FF5244E00E67C45 /* ChatApp.app */ = {isa = PBXFileReference; explicitFileType = wrapper.application; includeInIndex = 0; path = ChatApp.app; sourceTree = BUILT_PRODUCTS_DIR; };
		DE4BDD5E1FF5244E00E67C45 /* AppDelegate.swift */ = {isa = PBXFileReference; lastKnownFileType = sourcecode.swift; path = AppDelegate.swift; sourceTree = "<group>"; };
		DE4BDD601FF5244E00E67C45 /* MessagesController.swift */ = {isa = PBXFileReference; lastKnownFileType = sourcecode.swift; path = MessagesController.swift; sourceTree = "<group>"; };
		DE4BDD631FF5244E00E67C45 /* Base */ = {isa = PBXFileReference; lastKnownFileType = file.storyboard; name = Base; path = Base.lproj/Main.storyboard; sourceTree = "<group>"; };
		DE4BDD651FF5244E00E67C45 /* Assets.xcassets */ = {isa = PBXFileReference; lastKnownFileType = folder.assetcatalog; path = Assets.xcassets; sourceTree = "<group>"; };
		DE4BDD681FF5244E00E67C45 /* Base */ = {isa = PBXFileReference; lastKnownFileType = file.storyboard; name = Base; path = Base.lproj/LaunchScreen.storyboard; sourceTree = "<group>"; };
		DE4BDD6A1FF5244E00E67C45 /* Info.plist */ = {isa = PBXFileReference; lastKnownFileType = text.plist.xml; path = Info.plist; sourceTree = "<group>"; };
		DE4BDD6F1FF5244E00E67C45 /* ChatAppTests.xctest */ = {isa = PBXFileReference; explicitFileType = wrapper.cfbundle; includeInIndex = 0; path = ChatAppTests.xctest; sourceTree = BUILT_PRODUCTS_DIR; };
		DE4BDD731FF5244F00E67C45 /* ChatAppTests.swift */ = {isa = PBXFileReference; lastKnownFileType = sourcecode.swift; path = ChatAppTests.swift; sourceTree = "<group>"; };
		DE4BDD751FF5244F00E67C45 /* Info.plist */ = {isa = PBXFileReference; lastKnownFileType = text.plist.xml; path = Info.plist; sourceTree = "<group>"; };
		DE4BDD7A1FF5244F00E67C45 /* ChatAppUITests.xctest */ = {isa = PBXFileReference; explicitFileType = wrapper.cfbundle; includeInIndex = 0; path = ChatAppUITests.xctest; sourceTree = BUILT_PRODUCTS_DIR; };
		DE4BDD7E1FF5244F00E67C45 /* ChatAppUITests.swift */ = {isa = PBXFileReference; lastKnownFileType = sourcecode.swift; path = ChatAppUITests.swift; sourceTree = "<group>"; };
		DE4BDD801FF5244F00E67C45 /* Info.plist */ = {isa = PBXFileReference; lastKnownFileType = text.plist.xml; path = Info.plist; sourceTree = "<group>"; };
		DE4BDD8D1FF526D500E67C45 /* LoginController.swift */ = {isa = PBXFileReference; lastKnownFileType = sourcecode.swift; path = LoginController.swift; sourceTree = "<group>"; };
		DE4BDD8F1FF5475700E67C45 /* GoogleService-Info.plist */ = {isa = PBXFileReference; fileEncoding = 4; lastKnownFileType = text.plist.xml; path = "GoogleService-Info.plist"; sourceTree = "<group>"; };
		DE91B51020010C5500B97AF2 /* ChatMessageCell.swift */ = {isa = PBXFileReference; lastKnownFileType = sourcecode.swift; path = ChatMessageCell.swift; sourceTree = "<group>"; };
		DEDD53AF1FFE6B7000B10E62 /* ChatLogController.swift */ = {isa = PBXFileReference; lastKnownFileType = sourcecode.swift; path = ChatLogController.swift; sourceTree = "<group>"; };
		DEDD53B31FFFC87900B10E62 /* Message.swift */ = {isa = PBXFileReference; lastKnownFileType = sourcecode.swift; path = Message.swift; sourceTree = "<group>"; };
		DEDD53B61FFFD27C00B10E62 /* UserCell.swift */ = {isa = PBXFileReference; lastKnownFileType = sourcecode.swift; path = UserCell.swift; sourceTree = "<group>"; };
		DEF0D4B71FF58F250062AF22 /* NewMessageController.swift */ = {isa = PBXFileReference; lastKnownFileType = sourcecode.swift; path = NewMessageController.swift; sourceTree = "<group>"; };
		DEFA87AA1FF7EF230025FAA6 /* User.swift */ = {isa = PBXFileReference; lastKnownFileType = sourcecode.swift; path = User.swift; sourceTree = "<group>"; };
		DEFA87AC1FF838E90025FAA6 /* LoginController+handlers.swift */ = {isa = PBXFileReference; lastKnownFileType = sourcecode.swift; path = "LoginController+handlers.swift"; sourceTree = "<group>"; };
/* End PBXFileReference section */

/* Begin PBXFrameworksBuildPhase section */
		DE4BDD581FF5244E00E67C45 /* Frameworks */ = {
			isa = PBXFrameworksBuildPhase;
			buildActionMask = 2147483647;
			files = (
				90E2EB65B1FFBA4AA933AB63 /* libPods-ChatApp.a in Frameworks */,
			);
			runOnlyForDeploymentPostprocessing = 0;
		};
		DE4BDD6C1FF5244E00E67C45 /* Frameworks */ = {
			isa = PBXFrameworksBuildPhase;
			buildActionMask = 2147483647;
			files = (
				AA9E2C1777B21EC989C77FE4 /* libPods-ChatAppTests.a in Frameworks */,
			);
			runOnlyForDeploymentPostprocessing = 0;
		};
		DE4BDD771FF5244F00E67C45 /* Frameworks */ = {
			isa = PBXFrameworksBuildPhase;
			buildActionMask = 2147483647;
			files = (
				9B66D3ECCFBE2C0656C75204 /* libPods-ChatAppUITests.a in Frameworks */,
			);
			runOnlyForDeploymentPostprocessing = 0;
		};
/* End PBXFrameworksBuildPhase section */

/* Begin PBXGroup section */
		476C9F5EC42E0EE1D3F967B3 /* Pods */ = {
			isa = PBXGroup;
			children = (
				1AB568B35526422D7D87CA7C /* Pods-ChatApp.debug.xcconfig */,
				24CBAF3687B34118FBF8CDDB /* Pods-ChatApp.release.xcconfig */,
				0BCD90BE5936AE8A7C9E5F05 /* Pods-ChatAppTests.debug.xcconfig */,
				4AFD00C5D95F623254412BE1 /* Pods-ChatAppTests.release.xcconfig */,
				9C47A83CEAE027671A46755C /* Pods-ChatAppUITests.debug.xcconfig */,
				5D98175887C7C82A7CC7D942 /* Pods-ChatAppUITests.release.xcconfig */,
			);
			name = Pods;
			sourceTree = "<group>";
		};
		B535B0F29893F9DE46C04C1E /* Frameworks */ = {
			isa = PBXGroup;
			children = (
				8DD04DDC7D41CFA7AF0F70FB /* libPods-ChatApp.a */,
				4759EC96D109F7CA016FDEDF /* libPods-ChatAppTests.a */,
				C93F49780ACCF8421ED47D8A /* libPods-ChatAppUITests.a */,
			);
			name = Frameworks;
			sourceTree = "<group>";
		};
		DE47D18F1FF96A85000B6C08 /* Helpers */ = {
			isa = PBXGroup;
			children = (
				DE47D1901FF96A9C000B6C08 /* Extensions.swift */,
			);
			path = Helpers;
			sourceTree = "<group>";
		};
		DE4BDD521FF5244E00E67C45 = {
			isa = PBXGroup;
			children = (
				DE4BDD5D1FF5244E00E67C45 /* ChatApp */,
				DE4BDD721FF5244F00E67C45 /* ChatAppTests */,
				DE4BDD7D1FF5244F00E67C45 /* ChatAppUITests */,
				DE4BDD5C1FF5244E00E67C45 /* Products */,
				DE4BDD8F1FF5475700E67C45 /* GoogleService-Info.plist */,
				476C9F5EC42E0EE1D3F967B3 /* Pods */,
				B535B0F29893F9DE46C04C1E /* Frameworks */,
			);
			sourceTree = "<group>";
		};
		DE4BDD5C1FF5244E00E67C45 /* Products */ = {
			isa = PBXGroup;
			children = (
				DE4BDD5B1FF5244E00E67C45 /* ChatApp.app */,
				DE4BDD6F1FF5244E00E67C45 /* ChatAppTests.xctest */,
				DE4BDD7A1FF5244F00E67C45 /* ChatAppUITests.xctest */,
			);
			name = Products;
			sourceTree = "<group>";
		};
		DE4BDD5D1FF5244E00E67C45 /* ChatApp */ = {
			isa = PBXGroup;
			children = (
				DEDD53B51FFFD25B00B10E62 /* View */,
				DE47D18F1FF96A85000B6C08 /* Helpers */,
				DEFA87A91FF7EEEE0025FAA6 /* Model */,
				DE4BDD8C1FF526B300E67C45 /* Controller */,
				DE4BDD5E1FF5244E00E67C45 /* AppDelegate.swift */,
				DE4BDD621FF5244E00E67C45 /* Main.storyboard */,
				DE4BDD651FF5244E00E67C45 /* Assets.xcassets */,
				DE4BDD671FF5244E00E67C45 /* LaunchScreen.storyboard */,
				DE4BDD6A1FF5244E00E67C45 /* Info.plist */,
			);
			path = ChatApp;
			sourceTree = "<group>";
		};
		DE4BDD721FF5244F00E67C45 /* ChatAppTests */ = {
			isa = PBXGroup;
			children = (
				DE4BDD731FF5244F00E67C45 /* ChatAppTests.swift */,
				DE4BDD751FF5244F00E67C45 /* Info.plist */,
			);
			path = ChatAppTests;
			sourceTree = "<group>";
		};
		DE4BDD7D1FF5244F00E67C45 /* ChatAppUITests */ = {
			isa = PBXGroup;
			children = (
				DE4BDD7E1FF5244F00E67C45 /* ChatAppUITests.swift */,
				DE4BDD801FF5244F00E67C45 /* Info.plist */,
			);
			path = ChatAppUITests;
			sourceTree = "<group>";
		};
		DE4BDD8C1FF526B300E67C45 /* Controller */ = {
			isa = PBXGroup;
			children = (
				DE4BDD601FF5244E00E67C45 /* MessagesController.swift */,
				DE4BDD8D1FF526D500E67C45 /* LoginController.swift */,
				DEFA87AC1FF838E90025FAA6 /* LoginController+handlers.swift */,
				DEF0D4B71FF58F250062AF22 /* NewMessageController.swift */,
				DEDD53AF1FFE6B7000B10E62 /* ChatLogController.swift */,
			);
			path = Controller;
			sourceTree = "<group>";
		};
		DEDD53B51FFFD25B00B10E62 /* View */ = {
			isa = PBXGroup;
			children = (
				DEDD53B61FFFD27C00B10E62 /* UserCell.swift */,
				DE91B51020010C5500B97AF2 /* ChatMessageCell.swift */,
			);
			path = View;
			sourceTree = "<group>";
		};
		DEFA87A91FF7EEEE0025FAA6 /* Model */ = {
			isa = PBXGroup;
			children = (
				DEFA87AA1FF7EF230025FAA6 /* User.swift */,
				DEDD53B31FFFC87900B10E62 /* Message.swift */,
			);
			path = Model;
			sourceTree = "<group>";
		};
/* End PBXGroup section */

/* Begin PBXNativeTarget section */
		DE4BDD5A1FF5244E00E67C45 /* ChatApp */ = {
			isa = PBXNativeTarget;
			buildConfigurationList = DE4BDD831FF5244F00E67C45 /* Build configuration list for PBXNativeTarget "ChatApp" */;
			buildPhases = (
				DAC1D4CAB1CBDF5F83204D6F /* [CP] Check Pods Manifest.lock */,
				DE4BDD571FF5244E00E67C45 /* Sources */,
				DE4BDD581FF5244E00E67C45 /* Frameworks */,
				DE4BDD591FF5244E00E67C45 /* Resources */,
				E5F5B3D6A2C57E3C279D092F /* [CP] Embed Pods Frameworks */,
				F7FF2B62521CA99CBBE49692 /* [CP] Copy Pods Resources */,
			);
			buildRules = (
			);
			dependencies = (
			);
			name = ChatApp;
			productName = ChatApp;
			productReference = DE4BDD5B1FF5244E00E67C45 /* ChatApp.app */;
			productType = "com.apple.product-type.application";
		};
		DE4BDD6E1FF5244E00E67C45 /* ChatAppTests */ = {
			isa = PBXNativeTarget;
			buildConfigurationList = DE4BDD861FF5244F00E67C45 /* Build configuration list for PBXNativeTarget "ChatAppTests" */;
			buildPhases = (
				978391762B6B599F4D50464B /* [CP] Check Pods Manifest.lock */,
				DE4BDD6B1FF5244E00E67C45 /* Sources */,
				DE4BDD6C1FF5244E00E67C45 /* Frameworks */,
				DE4BDD6D1FF5244E00E67C45 /* Resources */,
				1B25C9929D385042E8382CFD /* [CP] Embed Pods Frameworks */,
				831B9A150DF3F0275749B7F4 /* [CP] Copy Pods Resources */,
			);
			buildRules = (
			);
			dependencies = (
				DE4BDD711FF5244E00E67C45 /* PBXTargetDependency */,
			);
			name = ChatAppTests;
			productName = ChatAppTests;
			productReference = DE4BDD6F1FF5244E00E67C45 /* ChatAppTests.xctest */;
			productType = "com.apple.product-type.bundle.unit-test";
		};
		DE4BDD791FF5244F00E67C45 /* ChatAppUITests */ = {
			isa = PBXNativeTarget;
			buildConfigurationList = DE4BDD891FF5244F00E67C45 /* Build configuration list for PBXNativeTarget "ChatAppUITests" */;
			buildPhases = (
				93CD1CDB11F0B9665C1ABCDB /* [CP] Check Pods Manifest.lock */,
				DE4BDD761FF5244F00E67C45 /* Sources */,
				DE4BDD771FF5244F00E67C45 /* Frameworks */,
				DE4BDD781FF5244F00E67C45 /* Resources */,
				50C8A5507E006C94AAF71ADB /* [CP] Embed Pods Frameworks */,
				BFC721EDF97CEBA1C73D159F /* [CP] Copy Pods Resources */,
			);
			buildRules = (
			);
			dependencies = (
				DE4BDD7C1FF5244F00E67C45 /* PBXTargetDependency */,
			);
			name = ChatAppUITests;
			productName = ChatAppUITests;
			productReference = DE4BDD7A1FF5244F00E67C45 /* ChatAppUITests.xctest */;
			productType = "com.apple.product-type.bundle.ui-testing";
		};
/* End PBXNativeTarget section */

/* Begin PBXProject section */
		DE4BDD531FF5244E00E67C45 /* Project object */ = {
			isa = PBXProject;
			attributes = {
				LastSwiftUpdateCheck = 0920;
				LastUpgradeCheck = 0920;
				ORGANIZATIONNAME = Danny;
				TargetAttributes = {
					DE4BDD5A1FF5244E00E67C45 = {
						CreatedOnToolsVersion = 9.2;
						ProvisioningStyle = Automatic;
					};
					DE4BDD6E1FF5244E00E67C45 = {
						CreatedOnToolsVersion = 9.2;
						ProvisioningStyle = Automatic;
						TestTargetID = DE4BDD5A1FF5244E00E67C45;
					};
					DE4BDD791FF5244F00E67C45 = {
						CreatedOnToolsVersion = 9.2;
						ProvisioningStyle = Automatic;
						TestTargetID = DE4BDD5A1FF5244E00E67C45;
					};
				};
			};
			buildConfigurationList = DE4BDD561FF5244E00E67C45 /* Build configuration list for PBXProject "ChatApp" */;
			compatibilityVersion = "Xcode 8.0";
			developmentRegion = en;
			hasScannedForEncodings = 0;
			knownRegions = (
				en,
				Base,
			);
			mainGroup = DE4BDD521FF5244E00E67C45;
			productRefGroup = DE4BDD5C1FF5244E00E67C45 /* Products */;
			projectDirPath = "";
			projectRoot = "";
			targets = (
				DE4BDD5A1FF5244E00E67C45 /* ChatApp */,
				DE4BDD6E1FF5244E00E67C45 /* ChatAppTests */,
				DE4BDD791FF5244F00E67C45 /* ChatAppUITests */,
			);
		};
/* End PBXProject section */

/* Begin PBXResourcesBuildPhase section */
		DE4BDD591FF5244E00E67C45 /* Resources */ = {
			isa = PBXResourcesBuildPhase;
			buildActionMask = 2147483647;
			files = (
				DE4BDD691FF5244E00E67C45 /* LaunchScreen.storyboard in Resources */,
				DE4BDD901FF5475700E67C45 /* GoogleService-Info.plist in Resources */,
				DE4BDD661FF5244E00E67C45 /* Assets.xcassets in Resources */,
				DE4BDD641FF5244E00E67C45 /* Main.storyboard in Resources */,
			);
			runOnlyForDeploymentPostprocessing = 0;
		};
		DE4BDD6D1FF5244E00E67C45 /* Resources */ = {
			isa = PBXResourcesBuildPhase;
			buildActionMask = 2147483647;
			files = (
			);
			runOnlyForDeploymentPostprocessing = 0;
		};
		DE4BDD781FF5244F00E67C45 /* Resources */ = {
			isa = PBXResourcesBuildPhase;
			buildActionMask = 2147483647;
			files = (
			);
			runOnlyForDeploymentPostprocessing = 0;
		};
/* End PBXResourcesBuildPhase section */

/* Begin PBXShellScriptBuildPhase section */
		1B25C9929D385042E8382CFD /* [CP] Embed Pods Frameworks */ = {
			isa = PBXShellScriptBuildPhase;
			buildActionMask = 2147483647;
			files = (
			);
			inputPaths = (
				"${SRCROOT}/Pods/Target Support Files/Pods-ChatAppTests/Pods-ChatAppTests-frameworks.sh",
				"${BUILT_PRODUCTS_DIR}/GTMSessionFetcher/GTMSessionFetcher.framework",
				"${BUILT_PRODUCTS_DIR}/GoogleToolboxForMac/GoogleToolboxForMac.framework",
				"${BUILT_PRODUCTS_DIR}/leveldb-library/leveldb.framework",
				"${BUILT_PRODUCTS_DIR}/nanopb/nanopb.framework",
			);
			name = "[CP] Embed Pods Frameworks";
			outputPaths = (
				"${TARGET_BUILD_DIR}/${FRAMEWORKS_FOLDER_PATH}/GTMSessionFetcher.framework",
				"${TARGET_BUILD_DIR}/${FRAMEWORKS_FOLDER_PATH}/GoogleToolboxForMac.framework",
				"${TARGET_BUILD_DIR}/${FRAMEWORKS_FOLDER_PATH}/leveldb.framework",
				"${TARGET_BUILD_DIR}/${FRAMEWORKS_FOLDER_PATH}/nanopb.framework",
			);
			runOnlyForDeploymentPostprocessing = 0;
			shellPath = /bin/sh;
			shellScript = "\"${SRCROOT}/Pods/Target Support Files/Pods-ChatAppTests/Pods-ChatAppTests-frameworks.sh\"\n";
			showEnvVarsInLog = 0;
		};
		50C8A5507E006C94AAF71ADB /* [CP] Embed Pods Frameworks */ = {
			isa = PBXShellScriptBuildPhase;
			buildActionMask = 2147483647;
			files = (
			);
			inputPaths = (
			);
			name = "[CP] Embed Pods Frameworks";
			outputPaths = (
			);
			runOnlyForDeploymentPostprocessing = 0;
			shellPath = /bin/sh;
			shellScript = "\"${SRCROOT}/Pods/Target Support Files/Pods-ChatAppUITests/Pods-ChatAppUITests-frameworks.sh\"\n";
			showEnvVarsInLog = 0;
		};
		831B9A150DF3F0275749B7F4 /* [CP] Copy Pods Resources */ = {
			isa = PBXShellScriptBuildPhase;
			buildActionMask = 2147483647;
			files = (
			);
			inputPaths = (
			);
			name = "[CP] Copy Pods Resources";
			outputPaths = (
			);
			runOnlyForDeploymentPostprocessing = 0;
			shellPath = /bin/sh;
			shellScript = "\"${SRCROOT}/Pods/Target Support Files/Pods-ChatAppTests/Pods-ChatAppTests-resources.sh\"\n";
			showEnvVarsInLog = 0;
		};
		93CD1CDB11F0B9665C1ABCDB /* [CP] Check Pods Manifest.lock */ = {
			isa = PBXShellScriptBuildPhase;
			buildActionMask = 2147483647;
			files = (
			);
			inputPaths = (
				"${PODS_PODFILE_DIR_PATH}/Podfile.lock",
				"${PODS_ROOT}/Manifest.lock",
			);
			name = "[CP] Check Pods Manifest.lock";
			outputPaths = (
				"$(DERIVED_FILE_DIR)/Pods-ChatAppUITests-checkManifestLockResult.txt",
			);
			runOnlyForDeploymentPostprocessing = 0;
			shellPath = /bin/sh;
			shellScript = "diff \"${PODS_PODFILE_DIR_PATH}/Podfile.lock\" \"${PODS_ROOT}/Manifest.lock\" > /dev/null\nif [ $? != 0 ] ; then\n    # print error to STDERR\n    echo \"error: The sandbox is not in sync with the Podfile.lock. Run 'pod install' or update your CocoaPods installation.\" >&2\n    exit 1\nfi\n# This output is used by Xcode 'outputs' to avoid re-running this script phase.\necho \"SUCCESS\" > \"${SCRIPT_OUTPUT_FILE_0}\"\n";
			showEnvVarsInLog = 0;
		};
		978391762B6B599F4D50464B /* [CP] Check Pods Manifest.lock */ = {
			isa = PBXShellScriptBuildPhase;
			buildActionMask = 2147483647;
			files = (
			);
			inputPaths = (
				"${PODS_PODFILE_DIR_PATH}/Podfile.lock",
				"${PODS_ROOT}/Manifest.lock",
			);
			name = "[CP] Check Pods Manifest.lock";
			outputPaths = (
				"$(DERIVED_FILE_DIR)/Pods-ChatAppTests-checkManifestLockResult.txt",
			);
			runOnlyForDeploymentPostprocessing = 0;
			shellPath = /bin/sh;
			shellScript = "diff \"${PODS_PODFILE_DIR_PATH}/Podfile.lock\" \"${PODS_ROOT}/Manifest.lock\" > /dev/null\nif [ $? != 0 ] ; then\n    # print error to STDERR\n    echo \"error: The sandbox is not in sync with the Podfile.lock. Run 'pod install' or update your CocoaPods installation.\" >&2\n    exit 1\nfi\n# This output is used by Xcode 'outputs' to avoid re-running this script phase.\necho \"SUCCESS\" > \"${SCRIPT_OUTPUT_FILE_0}\"\n";
			showEnvVarsInLog = 0;
		};
		BFC721EDF97CEBA1C73D159F /* [CP] Copy Pods Resources */ = {
			isa = PBXShellScriptBuildPhase;
			buildActionMask = 2147483647;
			files = (
			);
			inputPaths = (
			);
			name = "[CP] Copy Pods Resources";
			outputPaths = (
			);
			runOnlyForDeploymentPostprocessing = 0;
			shellPath = /bin/sh;
			shellScript = "\"${SRCROOT}/Pods/Target Support Files/Pods-ChatAppUITests/Pods-ChatAppUITests-resources.sh\"\n";
			showEnvVarsInLog = 0;
		};
		DAC1D4CAB1CBDF5F83204D6F /* [CP] Check Pods Manifest.lock */ = {
			isa = PBXShellScriptBuildPhase;
			buildActionMask = 2147483647;
			files = (
			);
			inputPaths = (
				"${PODS_PODFILE_DIR_PATH}/Podfile.lock",
				"${PODS_ROOT}/Manifest.lock",
			);
			name = "[CP] Check Pods Manifest.lock";
			outputPaths = (
				"$(DERIVED_FILE_DIR)/Pods-ChatApp-checkManifestLockResult.txt",
			);
			runOnlyForDeploymentPostprocessing = 0;
			shellPath = /bin/sh;
			shellScript = "diff \"${PODS_PODFILE_DIR_PATH}/Podfile.lock\" \"${PODS_ROOT}/Manifest.lock\" > /dev/null\nif [ $? != 0 ] ; then\n    # print error to STDERR\n    echo \"error: The sandbox is not in sync with the Podfile.lock. Run 'pod install' or update your CocoaPods installation.\" >&2\n    exit 1\nfi\n# This output is used by Xcode 'outputs' to avoid re-running this script phase.\necho \"SUCCESS\" > \"${SCRIPT_OUTPUT_FILE_0}\"\n";
			showEnvVarsInLog = 0;
		};
		E5F5B3D6A2C57E3C279D092F /* [CP] Embed Pods Frameworks */ = {
			isa = PBXShellScriptBuildPhase;
			buildActionMask = 2147483647;
			files = (
			);
			inputPaths = (
			);
			name = "[CP] Embed Pods Frameworks";
			outputPaths = (
			);
			runOnlyForDeploymentPostprocessing = 0;
			shellPath = /bin/sh;
			shellScript = "\"${SRCROOT}/Pods/Target Support Files/Pods-ChatApp/Pods-ChatApp-frameworks.sh\"\n";
			showEnvVarsInLog = 0;
		};
		F7FF2B62521CA99CBBE49692 /* [CP] Copy Pods Resources */ = {
			isa = PBXShellScriptBuildPhase;
			buildActionMask = 2147483647;
			files = (
			);
			inputPaths = (
			);
			name = "[CP] Copy Pods Resources";
			outputPaths = (
			);
			runOnlyForDeploymentPostprocessing = 0;
			shellPath = /bin/sh;
			shellScript = "\"${SRCROOT}/Pods/Target Support Files/Pods-ChatApp/Pods-ChatApp-resources.sh\"\n";
			showEnvVarsInLog = 0;
		};
/* End PBXShellScriptBuildPhase section */

/* Begin PBXSourcesBuildPhase section */
		DE4BDD571FF5244E00E67C45 /* Sources */ = {
			isa = PBXSourcesBuildPhase;
			buildActionMask = 2147483647;
			files = (
				DEDD53B01FFE6B7000B10E62 /* ChatLogController.swift in Sources */,
				DEF0D4B81FF58F250062AF22 /* NewMessageController.swift in Sources */,
				DE4BDD611FF5244E00E67C45 /* MessagesController.swift in Sources */,
				DEDD53B41FFFC87900B10E62 /* Message.swift in Sources */,
				DEFA87AD1FF838E90025FAA6 /* LoginController+handlers.swift in Sources */,
				DE47D1911FF96A9C000B6C08 /* Extensions.swift in Sources */,
				DE4BDD8E1FF526D500E67C45 /* LoginController.swift in Sources */,
				DE91B51120010C5500B97AF2 /* ChatMessageCell.swift in Sources */,
				DEFA87AB1FF7EF230025FAA6 /* User.swift in Sources */,
				DEDD53B71FFFD27C00B10E62 /* UserCell.swift in Sources */,
				DE4BDD5F1FF5244E00E67C45 /* AppDelegate.swift in Sources */,
			);
			runOnlyForDeploymentPostprocessing = 0;
		};
		DE4BDD6B1FF5244E00E67C45 /* Sources */ = {
			isa = PBXSourcesBuildPhase;
			buildActionMask = 2147483647;
			files = (
				DE4BDD741FF5244F00E67C45 /* ChatAppTests.swift in Sources */,
			);
			runOnlyForDeploymentPostprocessing = 0;
		};
		DE4BDD761FF5244F00E67C45 /* Sources */ = {
			isa = PBXSourcesBuildPhase;
			buildActionMask = 2147483647;
			files = (
				DE4BDD7F1FF5244F00E67C45 /* ChatAppUITests.swift in Sources */,
			);
			runOnlyForDeploymentPostprocessing = 0;
		};
/* End PBXSourcesBuildPhase section */

/* Begin PBXTargetDependency section */
		DE4BDD711FF5244E00E67C45 /* PBXTargetDependency */ = {
			isa = PBXTargetDependency;
			target = DE4BDD5A1FF5244E00E67C45 /* ChatApp */;
			targetProxy = DE4BDD701FF5244E00E67C45 /* PBXContainerItemProxy */;
		};
		DE4BDD7C1FF5244F00E67C45 /* PBXTargetDependency */ = {
			isa = PBXTargetDependency;
			target = DE4BDD5A1FF5244E00E67C45 /* ChatApp */;
			targetProxy = DE4BDD7B1FF5244F00E67C45 /* PBXContainerItemProxy */;
		};
/* End PBXTargetDependency section */

/* Begin PBXVariantGroup section */
		DE4BDD621FF5244E00E67C45 /* Main.storyboard */ = {
			isa = PBXVariantGroup;
			children = (
				DE4BDD631FF5244E00E67C45 /* Base */,
			);
			name = Main.storyboard;
			sourceTree = "<group>";
		};
		DE4BDD671FF5244E00E67C45 /* LaunchScreen.storyboard */ = {
			isa = PBXVariantGroup;
			children = (
				DE4BDD681FF5244E00E67C45 /* Base */,
			);
			name = LaunchScreen.storyboard;
			sourceTree = "<group>";
		};
/* End PBXVariantGroup section */

/* Begin XCBuildConfiguration section */
		DE4BDD811FF5244F00E67C45 /* Debug */ = {
			isa = XCBuildConfiguration;
			buildSettings = {
				ALWAYS_SEARCH_USER_PATHS = NO;
				CLANG_ANALYZER_NONNULL = YES;
				CLANG_ANALYZER_NUMBER_OBJECT_CONVERSION = YES_AGGRESSIVE;
				CLANG_CXX_LANGUAGE_STANDARD = "gnu++14";
				CLANG_CXX_LIBRARY = "libc++";
				CLANG_ENABLE_MODULES = YES;
				CLANG_ENABLE_OBJC_ARC = YES;
				CLANG_WARN_BLOCK_CAPTURE_AUTORELEASING = YES;
				CLANG_WARN_BOOL_CONVERSION = YES;
				CLANG_WARN_COMMA = YES;
				CLANG_WARN_CONSTANT_CONVERSION = YES;
				CLANG_WARN_DIRECT_OBJC_ISA_USAGE = YES_ERROR;
				CLANG_WARN_DOCUMENTATION_COMMENTS = YES;
				CLANG_WARN_EMPTY_BODY = YES;
				CLANG_WARN_ENUM_CONVERSION = YES;
				CLANG_WARN_INFINITE_RECURSION = YES;
				CLANG_WARN_INT_CONVERSION = YES;
				CLANG_WARN_NON_LITERAL_NULL_CONVERSION = YES;
				CLANG_WARN_OBJC_LITERAL_CONVERSION = YES;
				CLANG_WARN_OBJC_ROOT_CLASS = YES_ERROR;
				CLANG_WARN_RANGE_LOOP_ANALYSIS = YES;
				CLANG_WARN_STRICT_PROTOTYPES = YES;
				CLANG_WARN_SUSPICIOUS_MOVE = YES;
				CLANG_WARN_UNGUARDED_AVAILABILITY = YES_AGGRESSIVE;
				CLANG_WARN_UNREACHABLE_CODE = YES;
				CLANG_WARN__DUPLICATE_METHOD_MATCH = YES;
				CODE_SIGN_IDENTITY = "iPhone Developer";
				COPY_PHASE_STRIP = NO;
				DEBUG_INFORMATION_FORMAT = dwarf;
				ENABLE_STRICT_OBJC_MSGSEND = YES;
				ENABLE_TESTABILITY = YES;
				GCC_C_LANGUAGE_STANDARD = gnu11;
				GCC_DYNAMIC_NO_PIC = NO;
				GCC_NO_COMMON_BLOCKS = YES;
				GCC_OPTIMIZATION_LEVEL = 0;
				GCC_PREPROCESSOR_DEFINITIONS = (
					"DEBUG=1",
					"$(inherited)",
				);
				GCC_WARN_64_TO_32_BIT_CONVERSION = YES;
				GCC_WARN_ABOUT_RETURN_TYPE = YES_ERROR;
				GCC_WARN_UNDECLARED_SELECTOR = YES;
				GCC_WARN_UNINITIALIZED_AUTOS = YES_AGGRESSIVE;
				GCC_WARN_UNUSED_FUNCTION = YES;
				GCC_WARN_UNUSED_VARIABLE = YES;
				IPHONEOS_DEPLOYMENT_TARGET = 11.2;
				MTL_ENABLE_DEBUG_INFO = YES;
				ONLY_ACTIVE_ARCH = YES;
				SDKROOT = iphoneos;
				SWIFT_ACTIVE_COMPILATION_CONDITIONS = DEBUG;
				SWIFT_OPTIMIZATION_LEVEL = "-Onone";
			};
			name = Debug;
		};
		DE4BDD821FF5244F00E67C45 /* Release */ = {
			isa = XCBuildConfiguration;
			buildSettings = {
				ALWAYS_SEARCH_USER_PATHS = NO;
				CLANG_ANALYZER_NONNULL = YES;
				CLANG_ANALYZER_NUMBER_OBJECT_CONVERSION = YES_AGGRESSIVE;
				CLANG_CXX_LANGUAGE_STANDARD = "gnu++14";
				CLANG_CXX_LIBRARY = "libc++";
				CLANG_ENABLE_MODULES = YES;
				CLANG_ENABLE_OBJC_ARC = YES;
				CLANG_WARN_BLOCK_CAPTURE_AUTORELEASING = YES;
				CLANG_WARN_BOOL_CONVERSION = YES;
				CLANG_WARN_COMMA = YES;
				CLANG_WARN_CONSTANT_CONVERSION = YES;
				CLANG_WARN_DIRECT_OBJC_ISA_USAGE = YES_ERROR;
				CLANG_WARN_DOCUMENTATION_COMMENTS = YES;
				CLANG_WARN_EMPTY_BODY = YES;
				CLANG_WARN_ENUM_CONVERSION = YES;
				CLANG_WARN_INFINITE_RECURSION = YES;
				CLANG_WARN_INT_CONVERSION = YES;
				CLANG_WARN_NON_LITERAL_NULL_CONVERSION = YES;
				CLANG_WARN_OBJC_LITERAL_CONVERSION = YES;
				CLANG_WARN_OBJC_ROOT_CLASS = YES_ERROR;
				CLANG_WARN_RANGE_LOOP_ANALYSIS = YES;
				CLANG_WARN_STRICT_PROTOTYPES = YES;
				CLANG_WARN_SUSPICIOUS_MOVE = YES;
				CLANG_WARN_UNGUARDED_AVAILABILITY = YES_AGGRESSIVE;
				CLANG_WARN_UNREACHABLE_CODE = YES;
				CLANG_WARN__DUPLICATE_METHOD_MATCH = YES;
				CODE_SIGN_IDENTITY = "iPhone Developer";
				COPY_PHASE_STRIP = NO;
				DEBUG_INFORMATION_FORMAT = "dwarf-with-dsym";
				ENABLE_NS_ASSERTIONS = NO;
				ENABLE_STRICT_OBJC_MSGSEND = YES;
				GCC_C_LANGUAGE_STANDARD = gnu11;
				GCC_NO_COMMON_BLOCKS = YES;
				GCC_WARN_64_TO_32_BIT_CONVERSION = YES;
				GCC_WARN_ABOUT_RETURN_TYPE = YES_ERROR;
				GCC_WARN_UNDECLARED_SELECTOR = YES;
				GCC_WARN_UNINITIALIZED_AUTOS = YES_AGGRESSIVE;
				GCC_WARN_UNUSED_FUNCTION = YES;
				GCC_WARN_UNUSED_VARIABLE = YES;
				IPHONEOS_DEPLOYMENT_TARGET = 11.2;
				MTL_ENABLE_DEBUG_INFO = NO;
				SDKROOT = iphoneos;
				SWIFT_OPTIMIZATION_LEVEL = "-Owholemodule";
				VALIDATE_PRODUCT = YES;
			};
			name = Release;
		};
		DE4BDD841FF5244F00E67C45 /* Debug */ = {
			isa = XCBuildConfiguration;
			baseConfigurationReference = 1AB568B35526422D7D87CA7C /* Pods-ChatApp.debug.xcconfig */;
			buildSettings = {
				ASSETCATALOG_COMPILER_APPICON_NAME = AppIcon;
				CODE_SIGN_STYLE = Automatic;
				DEVELOPMENT_TEAM = 766AL84LH8;
				INFOPLIST_FILE = ChatApp/Info.plist;
				IPHONEOS_DEPLOYMENT_TARGET = 11.2;
				LD_RUNPATH_SEARCH_PATHS = "$(inherited) @executable_path/Frameworks";
				PRODUCT_BUNDLE_IDENTIFIER = dan.ChatApp;
				PRODUCT_NAME = "$(TARGET_NAME)";
				SWIFT_VERSION = 4.0;
				TARGETED_DEVICE_FAMILY = "1,2";
			};
			name = Debug;
		};
		DE4BDD851FF5244F00E67C45 /* Release */ = {
			isa = XCBuildConfiguration;
			baseConfigurationReference = 24CBAF3687B34118FBF8CDDB /* Pods-ChatApp.release.xcconfig */;
			buildSettings = {
				ASSETCATALOG_COMPILER_APPICON_NAME = AppIcon;
				CODE_SIGN_STYLE = Automatic;
				DEVELOPMENT_TEAM = 766AL84LH8;
				INFOPLIST_FILE = ChatApp/Info.plist;
				IPHONEOS_DEPLOYMENT_TARGET = 11.2;
				LD_RUNPATH_SEARCH_PATHS = "$(inherited) @executable_path/Frameworks";
				PRODUCT_BUNDLE_IDENTIFIER = dan.ChatApp;
				PRODUCT_NAME = "$(TARGET_NAME)";
				SWIFT_VERSION = 4.0;
				TARGETED_DEVICE_FAMILY = "1,2";
			};
			name = Release;
		};
		DE4BDD871FF5244F00E67C45 /* Debug */ = {
			isa = XCBuildConfiguration;
			baseConfigurationReference = 0BCD90BE5936AE8A7C9E5F05 /* Pods-ChatAppTests.debug.xcconfig */;
			buildSettings = {
				ALWAYS_EMBED_SWIFT_STANDARD_LIBRARIES = YES;
				BUNDLE_LOADER = "$(TEST_HOST)";
				CODE_SIGN_STYLE = Automatic;
				INFOPLIST_FILE = ChatAppTests/Info.plist;
				LD_RUNPATH_SEARCH_PATHS = "$(inherited) @executable_path/Frameworks @loader_path/Frameworks";
				PRODUCT_BUNDLE_IDENTIFIER = dan.ChatAppTests;
				PRODUCT_NAME = "$(TARGET_NAME)";
				SWIFT_VERSION = 4.0;
				TARGETED_DEVICE_FAMILY = "1,2";
				TEST_HOST = "$(BUILT_PRODUCTS_DIR)/ChatApp.app/ChatApp";
			};
			name = Debug;
		};
		DE4BDD881FF5244F00E67C45 /* Release */ = {
			isa = XCBuildConfiguration;
			baseConfigurationReference = 4AFD00C5D95F623254412BE1 /* Pods-ChatAppTests.release.xcconfig */;
			buildSettings = {
				ALWAYS_EMBED_SWIFT_STANDARD_LIBRARIES = YES;
				BUNDLE_LOADER = "$(TEST_HOST)";
				CODE_SIGN_STYLE = Automatic;
				INFOPLIST_FILE = ChatAppTests/Info.plist;
				LD_RUNPATH_SEARCH_PATHS = "$(inherited) @executable_path/Frameworks @loader_path/Frameworks";
				PRODUCT_BUNDLE_IDENTIFIER = dan.ChatAppTests;
				PRODUCT_NAME = "$(TARGET_NAME)";
				SWIFT_VERSION = 4.0;
				TARGETED_DEVICE_FAMILY = "1,2";
				TEST_HOST = "$(BUILT_PRODUCTS_DIR)/ChatApp.app/ChatApp";
			};
			name = Release;
		};
		DE4BDD8A1FF5244F00E67C45 /* Debug */ = {
			isa = XCBuildConfiguration;
			baseConfigurationReference = 9C47A83CEAE027671A46755C /* Pods-ChatAppUITests.debug.xcconfig */;
			buildSettings = {
				ALWAYS_EMBED_SWIFT_STANDARD_LIBRARIES = YES;
				CODE_SIGN_STYLE = Automatic;
				INFOPLIST_FILE = ChatAppUITests/Info.plist;
				LD_RUNPATH_SEARCH_PATHS = "$(inherited) @executable_path/Frameworks @loader_path/Frameworks";
				PRODUCT_BUNDLE_IDENTIFIER = dan.ChatAppUITests;
				PRODUCT_NAME = "$(TARGET_NAME)";
				SWIFT_VERSION = 4.0;
				TARGETED_DEVICE_FAMILY = "1,2";
				TEST_TARGET_NAME = ChatApp;
			};
			name = Debug;
		};
		DE4BDD8B1FF5244F00E67C45 /* Release */ = {
			isa = XCBuildConfiguration;
			baseConfigurationReference = 5D98175887C7C82A7CC7D942 /* Pods-ChatAppUITests.release.xcconfig */;
			buildSettings = {
				ALWAYS_EMBED_SWIFT_STANDARD_LIBRARIES = YES;
				CODE_SIGN_STYLE = Automatic;
				INFOPLIST_FILE = ChatAppUITests/Info.plist;
				LD_RUNPATH_SEARCH_PATHS = "$(inherited) @executable_path/Frameworks @loader_path/Frameworks";
				PRODUCT_BUNDLE_IDENTIFIER = dan.ChatAppUITests;
				PRODUCT_NAME = "$(TARGET_NAME)";
				SWIFT_VERSION = 4.0;
				TARGETED_DEVICE_FAMILY = "1,2";
				TEST_TARGET_NAME = ChatApp;
			};
			name = Release;
		};
/* End XCBuildConfiguration section */

/* Begin XCConfigurationList section */
		DE4BDD561FF5244E00E67C45 /* Build configuration list for PBXProject "ChatApp" */ = {
			isa = XCConfigurationList;
			buildConfigurations = (
				DE4BDD811FF5244F00E67C45 /* Debug */,
				DE4BDD821FF5244F00E67C45 /* Release */,
			);
			defaultConfigurationIsVisible = 0;
			defaultConfigurationName = Release;
		};
		DE4BDD831FF5244F00E67C45 /* Build configuration list for PBXNativeTarget "ChatApp" */ = {
			isa = XCConfigurationList;
			buildConfigurations = (
				DE4BDD841FF5244F00E67C45 /* Debug */,
				DE4BDD851FF5244F00E67C45 /* Release */,
			);
			defaultConfigurationIsVisible = 0;
			defaultConfigurationName = Release;
		};
		DE4BDD861FF5244F00E67C45 /* Build configuration list for PBXNativeTarget "ChatAppTests" */ = {
			isa = XCConfigurationList;
			buildConfigurations = (
				DE4BDD871FF5244F00E67C45 /* Debug */,
				DE4BDD881FF5244F00E67C45 /* Release */,
			);
			defaultConfigurationIsVisible = 0;
			defaultConfigurationName = Release;
		};
		DE4BDD891FF5244F00E67C45 /* Build configuration list for PBXNativeTarget "ChatAppUITests" */ = {
			isa = XCConfigurationList;
			buildConfigurations = (
				DE4BDD8A1FF5244F00E67C45 /* Debug */,
				DE4BDD8B1FF5244F00E67C45 /* Release */,
			);
			defaultConfigurationIsVisible = 0;
			defaultConfigurationName = Release;
		};
/* End XCConfigurationList section */
	};
	rootObject = DE4BDD531FF5244E00E67C45 /* Project object */;
}
