// !$*UTF8*$!
{
	archiveVersion = 1;
	classes = {
	};
	objectVersion = 48;
	objects = {

/* Begin PBXBuildFile section */
		DE4BDD5F1FF5244E00E67C45 /* AppDelegate.swift in Sources */ = {isa = PBXBuildFile; fileRef = DE4BDD5E1FF5244E00E67C45 /* AppDelegate.swift */; };
		DE4BDD611FF5244E00E67C45 /* ViewController.swift in Sources */ = {isa = PBXBuildFile; fileRef = DE4BDD601FF5244E00E67C45 /* ViewController.swift */; };
		DE4BDD641FF5244E00E67C45 /* Main.storyboard in Resources */ = {isa = PBXBuildFile; fileRef = DE4BDD621FF5244E00E67C45 /* Main.storyboard */; };
		DE4BDD661FF5244E00E67C45 /* Assets.xcassets in Resources */ = {isa = PBXBuildFile; fileRef = DE4BDD651FF5244E00E67C45 /* Assets.xcassets */; };
		DE4BDD691FF5244E00E67C45 /* LaunchScreen.storyboard in Resources */ = {isa = PBXBuildFile; fileRef = DE4BDD671FF5244E00E67C45 /* LaunchScreen.storyboard */; };
		DE4BDD741FF5244F00E67C45 /* ChatAppTests.swift in Sources */ = {isa = PBXBuildFile; fileRef = DE4BDD731FF5244F00E67C45 /* ChatAppTests.swift */; };
		DE4BDD7F1FF5244F00E67C45 /* ChatAppUITests.swift in Sources */ = {isa = PBXBuildFile; fileRef = DE4BDD7E1FF5244F00E67C45 /* ChatAppUITests.swift */; };
/* End PBXBuildFile section */

/* Begin PBXContainerItemProxy section */
		DE4BDD701FF5244E00E67C45 /* PBXContainerItemProxy */ = {
			isa = PBXContainerItemProxy;
			containerPortal = DE4BDD531FF5244E00E67C45 /* Project object */;
			proxyType = 1;
			remoteGlobalIDString = DE4BDD5A1FF5244E00E67C45;
			remoteInfo = ChatApp;
		};
		DE4BDD7B1FF5244F00E67C45 /* PBXContainerItemProxy */ = {
			isa = PBXContainerItemProxy;
			containerPortal = DE4BDD531FF5244E00E67C45 /* Project object */;
			proxyType = 1;
			remoteGlobalIDString = DE4BDD5A1FF5244E00E67C45;
			remoteInfo = ChatApp;
		};
/* End PBXContainerItemProxy section */

/* Begin PBXFileReference section */
		DE4BDD5B1FF5244E00E67C45 /* ChatApp.app */ = {isa = PBXFileReference; explicitFileType = wrapper.application; includeInIndex = 0; path = ChatApp.app; sourceTree = BUILT_PRODUCTS_DIR; };
		DE4BDD5E1FF5244E00E67C45 /* AppDelegate.swift */ = {isa = PBXFileReference; lastKnownFileType = sourcecode.swift; path = AppDelegate.swift; sourceTree = "<group>"; };
		DE4BDD601FF5244E00E67C45 /* ViewController.swift */ = {isa = PBXFileReference; lastKnownFileType = sourcecode.swift; path = ViewController.swift; sourceTree = "<group>"; };
		DE4BDD631FF5244E00E67C45 /* Base */ = {isa = PBXFileReference; lastKnownFileType = file.storyboard; name = Base; path = Base.lproj/Main.storyboard; sourceTree = "<group>"; };
		DE4BDD651FF5244E00E67C45 /* Assets.xcassets */ = {isa = PBXFileReference; lastKnownFileType = folder.assetcatalog; path = Assets.xcassets; sourceTree = "<group>"; };
		DE4BDD681FF5244E00E67C45 /* Base */ = {isa = PBXFileReference; lastKnownFileType = file.storyboard; name = Base; path = Base.lproj/LaunchScreen.storyboard; sourceTree = "<group>"; };
		DE4BDD6A1FF5244E00E67C45 /* Info.plist */ = {isa = PBXFileReference; lastKnownFileType = text.plist.xml; path = Info.plist; sourceTree = "<group>"; };
		DE4BDD6F1FF5244E00E67C45 /* ChatAppTests.xctest */ = {isa = PBXFileReference; explicitFileType = wrapper.cfbundle; includeInIndex = 0; path = ChatAppTests.xctest; sourceTree = BUILT_PRODUCTS_DIR; };
		DE4BDD731FF5244F00E67C45 /* ChatAppTests.swift */ = {isa = PBXFileReference; lastKnownFileType = sourcecode.swift; path = ChatAppTests.swift; sourceTree = "<group>"; };
		DE4BDD751FF5244F00E67C45 /* Info.plist */ = {isa = PBXFileReference; lastKnownFileType = text.plist.xml; path = Info.plist; sourceTree = "<group>"; };
		DE4BDD7A1FF5244F00E67C45 /* ChatAppUITests.xctest */ = {isa = PBXFileReference; explicitFileType = wrapper.cfbundle; includeInIndex = 0; path = ChatAppUITests.xctest; sourceTree = BUILT_PRODUCTS_DIR; };
		DE4BDD7E1FF5244F00E67C45 /* ChatAppUITests.swift */ = {isa = PBXFileReference; lastKnownFileType = sourcecode.swift; path = ChatAppUITests.swift; sourceTree = "<group>"; };
		DE4BDD801FF5244F00E67C45 /* Info.plist */ = {isa = PBXFileReference; lastKnownFileType = text.plist.xml; path = Info.plist; sourceTree = "<group>"; };
/* End PBXFileReference section */

/* Begin PBXFrameworksBuildPhase section */
		DE4BDD581FF5244E00E67C45 /* Frameworks */ = {
			isa = PBXFrameworksBuildPhase;
			buildActionMask = 2147483647;
			files = (
			);
			runOnlyForDeploymentPostprocessing = 0;
		};
		DE4BDD6C1FF5244E00E67C45 /* Frameworks */ = {
			isa = PBXFrameworksBuildPhase;
			buildActionMask = 2147483647;
			files = (
			);
			runOnlyForDeploymentPostprocessing = 0;
		};
		DE4BDD771FF5244F00E67C45 /* Frameworks */ = {
			isa = PBXFrameworksBuildPhase;
			buildActionMask = 2147483647;
			files = (
			);
			runOnlyForDeploymentPostprocessing = 0;
		};
/* End PBXFrameworksBuildPhase section */

/* Begin PBXGroup section */
		DE4BDD521FF5244E00E67C45 = {
			isa = PBXGroup;
			children = (
				DE4BDD5D1FF5244E00E67C45 /* ChatApp */,
				DE4BDD721FF5244F00E67C45 /* ChatAppTests */,
				DE4BDD7D1FF5244F00E67C45 /* ChatAppUITests */,
				DE4BDD5C1FF5244E00E67C45 /* Products */,
			);
			sourceTree = "<group>";
		};
		DE4BDD5C1FF5244E00E67C45 /* Products */ = {
			isa = PBXGroup;
			children = (
				DE4BDD5B1FF5244E00E67C45 /* ChatApp.app */,
				DE4BDD6F1FF5244E00E67C45 /* ChatAppTests.xctest */,
				DE4BDD7A1FF5244F00E67C45 /* ChatAppUITests.xctest */,
			);
			name = Products;
			sourceTree = "<group>";
		};
		DE4BDD5D1FF5244E00E67C45 /* ChatApp */ = {
			isa = PBXGroup;
			children = (
				DE4BDD5E1FF5244E00E67C45 /* AppDelegate.swift */,
				DE4BDD601FF5244E00E67C45 /* ViewController.swift */,
				DE4BDD621FF5244E00E67C45 /* Main.storyboard */,
				DE4BDD651FF5244E00E67C45 /* Assets.xcassets */,
				DE4BDD671FF5244E00E67C45 /* LaunchScreen.storyboard */,
				DE4BDD6A1FF5244E00E67C45 /* Info.plist */,
			);
			path = ChatApp;
			sourceTree = "<group>";
		};
		DE4BDD721FF5244F00E67C45 /* ChatAppTests */ = {
			isa = PBXGroup;
			children = (
				DE4BDD731FF5244F00E67C45 /* ChatAppTests.swift */,
				DE4BDD751FF5244F00E67C45 /* Info.plist */,
			);
			path = ChatAppTests;
			sourceTree = "<group>";
		};
		DE4BDD7D1FF5244F00E67C45 /* ChatAppUITests */ = {
			isa = PBXGroup;
			children = (
				DE4BDD7E1FF5244F00E67C45 /* ChatAppUITests.swift */,
				DE4BDD801FF5244F00E67C45 /* Info.plist */,
			);
			path = ChatAppUITests;
			sourceTree = "<group>";
		};
/* End PBXGroup section */

/* Begin PBXNativeTarget section */
		DE4BDD5A1FF5244E00E67C45 /* ChatApp */ = {
			isa = PBXNativeTarget;
			buildConfigurationList = DE4BDD831FF5244F00E67C45 /* Build configuration list for PBXNativeTarget "ChatApp" */;
			buildPhases = (
				DE4BDD571FF5244E00E67C45 /* Sources */,
				DE4BDD581FF5244E00E67C45 /* Frameworks */,
				DE4BDD591FF5244E00E67C45 /* Resources */,
			);
			buildRules = (
			);
			dependencies = (
			);
			name = ChatApp;
			productName = ChatApp;
			productReference = DE4BDD5B1FF5244E00E67C45 /* ChatApp.app */;
			productType = "com.apple.product-type.application";
		};
		DE4BDD6E1FF5244E00E67C45 /* ChatAppTests */ = {
			isa = PBXNativeTarget;
			buildConfigurationList = DE4BDD861FF5244F00E67C45 /* Build configuration list for PBXNativeTarget "ChatAppTests" */;
			buildPhases = (
				DE4BDD6B1FF5244E00E67C45 /* Sources */,
				DE4BDD6C1FF5244E00E67C45 /* Frameworks */,
				DE4BDD6D1FF5244E00E67C45 /* Resources */,
			);
			buildRules = (
			);
			dependencies = (
				DE4BDD711FF5244E00E67C45 /* PBXTargetDependency */,
			);
			name = ChatAppTests;
			productName = ChatAppTests;
			productReference = DE4BDD6F1FF5244E00E67C45 /* ChatAppTests.xctest */;
			productType = "com.apple.product-type.bundle.unit-test";
		};
		DE4BDD791FF5244F00E67C45 /* ChatAppUITests */ = {
			isa = PBXNativeTarget;
			buildConfigurationList = DE4BDD891FF5244F00E67C45 /* Build configuration list for PBXNativeTarget "ChatAppUITests" */;
			buildPhases = (
				DE4BDD761FF5244F00E67C45 /* Sources */,
				DE4BDD771FF5244F00E67C45 /* Frameworks */,
				DE4BDD781FF5244F00E67C45 /* Resources */,
			);
			buildRules = (
			);
			dependencies = (
				DE4BDD7C1FF5244F00E67C45 /* PBXTargetDependency */,
			);
			name = ChatAppUITests;
			productName = ChatAppUITests;
			productReference = DE4BDD7A1FF5244F00E67C45 /* ChatAppUITests.xctest */;
			productType = "com.apple.product-type.bundle.ui-testing";
		};
/* End PBXNativeTarget section */

/* Begin PBXProject section */
		DE4BDD531FF5244E00E67C45 /* Project object */ = {
			isa = PBXProject;
			attributes = {
				LastSwiftUpdateCheck = 0920;
				LastUpgradeCheck = 0920;
				ORGANIZATIONNAME = Danny;
				TargetAttributes = {
					DE4BDD5A1FF5244E00E67C45 = {
						CreatedOnToolsVersion = 9.2;
						ProvisioningStyle = Automatic;
					};
					DE4BDD6E1FF5244E00E67C45 = {
						CreatedOnToolsVersion = 9.2;
						ProvisioningStyle = Automatic;
						TestTargetID = DE4BDD5A1FF5244E00E67C45;
					};
					DE4BDD791FF5244F00E67C45 = {
						CreatedOnToolsVersion = 9.2;
						ProvisioningStyle = Automatic;
						TestTargetID = DE4BDD5A1FF5244E00E67C45;
					};
				};
			};
			buildConfigurationList = DE4BDD561FF5244E00E67C45 /* Build configuration list for PBXProject "ChatApp" */;
			compatibilityVersion = "Xcode 8.0";
			developmentRegion = en;
			hasScannedForEncodings = 0;
			knownRegions = (
				en,
				Base,
			);
			mainGroup = DE4BDD521FF5244E00E67C45;
			productRefGroup = DE4BDD5C1FF5244E00E67C45 /* Products */;
			projectDirPath = "";
			projectRoot = "";
			targets = (
				DE4BDD5A1FF5244E00E67C45 /* ChatApp */,
				DE4BDD6E1FF5244E00E67C45 /* ChatAppTests */,
				DE4BDD791FF5244F00E67C45 /* ChatAppUITests */,
			);
		};
/* End PBXProject section */

/* Begin PBXResourcesBuildPhase section */
		DE4BDD591FF5244E00E67C45 /* Resources */ = {
			isa = PBXResourcesBuildPhase;
			buildActionMask = 2147483647;
			files = (
				DE4BDD691FF5244E00E67C45 /* LaunchScreen.storyboard in Resources */,
				DE4BDD661FF5244E00E67C45 /* Assets.xcassets in Resources */,
				DE4BDD641FF5244E00E67C45 /* Main.storyboard in Resources */,
			);
			runOnlyForDeploymentPostprocessing = 0;
		};
		DE4BDD6D1FF5244E00E67C45 /* Resources */ = {
			isa = PBXResourcesBuildPhase;
			buildActionMask = 2147483647;
			files = (
			);
			runOnlyForDeploymentPostprocessing = 0;
		};
		DE4BDD781FF5244F00E67C45 /* Resources */ = {
			isa = PBXResourcesBuildPhase;
			buildActionMask = 2147483647;
			files = (
			);
			runOnlyForDeploymentPostprocessing = 0;
		};
/* End PBXResourcesBuildPhase section */

/* Begin PBXSourcesBuildPhase section */
		DE4BDD571FF5244E00E67C45 /* Sources */ = {
			isa = PBXSourcesBuildPhase;
			buildActionMask = 2147483647;
			files = (
				DE4BDD611FF5244E00E67C45 /* ViewController.swift in Sources */,
				DE4BDD5F1FF5244E00E67C45 /* AppDelegate.swift in Sources */,
			);
			runOnlyForDeploymentPostprocessing = 0;
		};
		DE4BDD6B1FF5244E00E67C45 /* Sources */ = {
			isa = PBXSourcesBuildPhase;
			buildActionMask = 2147483647;
			files = (
				DE4BDD741FF5244F00E67C45 /* ChatAppTests.swift in Sources */,
			);
			runOnlyForDeploymentPostprocessing = 0;
		};
		DE4BDD761FF5244F00E67C45 /* Sources */ = {
			isa = PBXSourcesBuildPhase;
			buildActionMask = 2147483647;
			files = (
				DE4BDD7F1FF5244F00E67C45 /* ChatAppUITests.swift in Sources */,
			);
			runOnlyForDeploymentPostprocessing = 0;
		};
/* End PBXSourcesBuildPhase section */

/* Begin PBXTargetDependency section */
		DE4BDD711FF5244E00E67C45 /* PBXTargetDependency */ = {
			isa = PBXTargetDependency;
			target = DE4BDD5A1FF5244E00E67C45 /* ChatApp */;
			targetProxy = DE4BDD701FF5244E00E67C45 /* PBXContainerItemProxy */;
		};
		DE4BDD7C1FF5244F00E67C45 /* PBXTargetDependency */ = {
			isa = PBXTargetDependency;
			target = DE4BDD5A1FF5244E00E67C45 /* ChatApp */;
			targetProxy = DE4BDD7B1FF5244F00E67C45 /* PBXContainerItemProxy */;
		};
/* End PBXTargetDependency section */

/* Begin PBXVariantGroup section */
		DE4BDD621FF5244E00E67C45 /* Main.storyboard */ = {
			isa = PBXVariantGroup;
			children = (
				DE4BDD631FF5244E00E67C45 /* Base */,
			);
			name = Main.storyboard;
			sourceTree = "<group>";
		};
		DE4BDD671FF5244E00E67C45 /* LaunchScreen.storyboard */ = {
			isa = PBXVariantGroup;
			children = (
				DE4BDD681FF5244E00E67C45 /* Base */,
			);
			name = LaunchScreen.storyboard;
			sourceTree = "<group>";
		};
/* End PBXVariantGroup section */

/* Begin XCBuildConfiguration section */
		DE4BDD811FF5244F00E67C45 /* Debug */ = {
			isa = XCBuildConfiguration;
			buildSettings = {
				ALWAYS_SEARCH_USER_PATHS = NO;
				CLANG_ANALYZER_NONNULL = YES;
				CLANG_ANALYZER_NUMBER_OBJECT_CONVERSION = YES_AGGRESSIVE;
				CLANG_CXX_LANGUAGE_STANDARD = "gnu++14";
				CLANG_CXX_LIBRARY = "libc++";
				CLANG_ENABLE_MODULES = YES;
				CLANG_ENABLE_OBJC_ARC = YES;
				CLANG_WARN_BLOCK_CAPTURE_AUTORELEASING = YES;
				CLANG_WARN_BOOL_CONVERSION = YES;
				CLANG_WARN_COMMA = YES;
				CLANG_WARN_CONSTANT_CONVERSION = YES;
				CLANG_WARN_DIRECT_OBJC_ISA_USAGE = YES_ERROR;
				CLANG_WARN_DOCUMENTATION_COMMENTS = YES;
				CLANG_WARN_EMPTY_BODY = YES;
				CLANG_WARN_ENUM_CONVERSION = YES;
				CLANG_WARN_INFINITE_RECURSION = YES;
				CLANG_WARN_INT_CONVERSION = YES;
				CLANG_WARN_NON_LITERAL_NULL_CONVERSION = YES;
				CLANG_WARN_OBJC_LITERAL_CONVERSION = YES;
				CLANG_WARN_OBJC_ROOT_CLASS = YES_ERROR;
				CLANG_WARN_RANGE_LOOP_ANALYSIS = YES;
				CLANG_WARN_STRICT_PROTOTYPES = YES;
				CLANG_WARN_SUSPICIOUS_MOVE = YES;
				CLANG_WARN_UNGUARDED_AVAILABILITY = YES_AGGRESSIVE;
				CLANG_WARN_UNREACHABLE_CODE = YES;
				CLANG_WARN__DUPLICATE_METHOD_MATCH = YES;
				CODE_SIGN_IDENTITY = "iPhone Developer";
				COPY_PHASE_STRIP = NO;
				DEBUG_INFORMATION_FORMAT = dwarf;
				ENABLE_STRICT_OBJC_MSGSEND = YES;
				ENABLE_TESTABILITY = YES;
				GCC_C_LANGUAGE_STANDARD = gnu11;
				GCC_DYNAMIC_NO_PIC = NO;
				GCC_NO_COMMON_BLOCKS = YES;
				GCC_OPTIMIZATION_LEVEL = 0;
				GCC_PREPROCESSOR_DEFINITIONS = (
					"DEBUG=1",
					"$(inherited)",
				);
				GCC_WARN_64_TO_32_BIT_CONVERSION = YES;
				GCC_WARN_ABOUT_RETURN_TYPE = YES_ERROR;
				GCC_WARN_UNDECLARED_SELECTOR = YES;
				GCC_WARN_UNINITIALIZED_AUTOS = YES_AGGRESSIVE;
				GCC_WARN_UNUSED_FUNCTION = YES;
				GCC_WARN_UNUSED_VARIABLE = YES;
				IPHONEOS_DEPLOYMENT_TARGET = 11.2;
				MTL_ENABLE_DEBUG_INFO = YES;
				ONLY_ACTIVE_ARCH = YES;
				SDKROOT = iphoneos;
				SWIFT_ACTIVE_COMPILATION_CONDITIONS = DEBUG;
				SWIFT_OPTIMIZATION_LEVEL = "-Onone";
			};
			name = Debug;
		};
		DE4BDD821FF5244F00E67C45 /* Release */ = {
			isa = XCBuildConfiguration;
			buildSettings = {
				ALWAYS_SEARCH_USER_PATHS = NO;
				CLANG_ANALYZER_NONNULL = YES;
				CLANG_ANALYZER_NUMBER_OBJECT_CONVERSION = YES_AGGRESSIVE;
				CLANG_CXX_LANGUAGE_STANDARD = "gnu++14";
				CLANG_CXX_LIBRARY = "libc++";
				CLANG_ENABLE_MODULES = YES;
				CLANG_ENABLE_OBJC_ARC = YES;
				CLANG_WARN_BLOCK_CAPTURE_AUTORELEASING = YES;
				CLANG_WARN_BOOL_CONVERSION = YES;
				CLANG_WARN_COMMA = YES;
				CLANG_WARN_CONSTANT_CONVERSION = YES;
				CLANG_WARN_DIRECT_OBJC_ISA_USAGE = YES_ERROR;
				CLANG_WARN_DOCUMENTATION_COMMENTS = YES;
				CLANG_WARN_EMPTY_BODY = YES;
				CLANG_WARN_ENUM_CONVERSION = YES;
				CLANG_WARN_INFINITE_RECURSION = YES;
				CLANG_WARN_INT_CONVERSION = YES;
				CLANG_WARN_NON_LITERAL_NULL_CONVERSION = YES;
				CLANG_WARN_OBJC_LITERAL_CONVERSION = YES;
				CLANG_WARN_OBJC_ROOT_CLASS = YES_ERROR;
				CLANG_WARN_RANGE_LOOP_ANALYSIS = YES;
				CLANG_WARN_STRICT_PROTOTYPES = YES;
				CLANG_WARN_SUSPICIOUS_MOVE = YES;
				CLANG_WARN_UNGUARDED_AVAILABILITY = YES_AGGRESSIVE;
				CLANG_WARN_UNREACHABLE_CODE = YES;
				CLANG_WARN__DUPLICATE_METHOD_MATCH = YES;
				CODE_SIGN_IDENTITY = "iPhone Developer";
				COPY_PHASE_STRIP = NO;
				DEBUG_INFORMATION_FORMAT = "dwarf-with-dsym";
				ENABLE_NS_ASSERTIONS = NO;
				ENABLE_STRICT_OBJC_MSGSEND = YES;
				GCC_C_LANGUAGE_STANDARD = gnu11;
				GCC_NO_COMMON_BLOCKS = YES;
				GCC_WARN_64_TO_32_BIT_CONVERSION = YES;
				GCC_WARN_ABOUT_RETURN_TYPE = YES_ERROR;
				GCC_WARN_UNDECLARED_SELECTOR = YES;
				GCC_WARN_UNINITIALIZED_AUTOS = YES_AGGRESSIVE;
				GCC_WARN_UNUSED_FUNCTION = YES;
				GCC_WARN_UNUSED_VARIABLE = YES;
				IPHONEOS_DEPLOYMENT_TARGET = 11.2;
				MTL_ENABLE_DEBUG_INFO = NO;
				SDKROOT = iphoneos;
				SWIFT_OPTIMIZATION_LEVEL = "-Owholemodule";
				VALIDATE_PRODUCT = YES;
			};
			name = Release;
		};
		DE4BDD841FF5244F00E67C45 /* Debug */ = {
			isa = XCBuildConfiguration;
			buildSettings = {
				ASSETCATALOG_COMPILER_APPICON_NAME = AppIcon;
				CODE_SIGN_STYLE = Automatic;
				INFOPLIST_FILE = ChatApp/Info.plist;
				LD_RUNPATH_SEARCH_PATHS = "$(inherited) @executable_path/Frameworks";
				PRODUCT_BUNDLE_IDENTIFIER = dan.ChatApp;
				PRODUCT_NAME = "$(TARGET_NAME)";
				SWIFT_VERSION = 4.0;
				TARGETED_DEVICE_FAMILY = "1,2";
			};
			name = Debug;
		};
		DE4BDD851FF5244F00E67C45 /* Release */ = {
			isa = XCBuildConfiguration;
			buildSettings = {
				ASSETCATALOG_COMPILER_APPICON_NAME = AppIcon;
				CODE_SIGN_STYLE = Automatic;
				INFOPLIST_FILE = ChatApp/Info.plist;
				LD_RUNPATH_SEARCH_PATHS = "$(inherited) @executable_path/Frameworks";
				PRODUCT_BUNDLE_IDENTIFIER = dan.ChatApp;
				PRODUCT_NAME = "$(TARGET_NAME)";
				SWIFT_VERSION = 4.0;
				TARGETED_DEVICE_FAMILY = "1,2";
			};
			name = Release;
		};
		DE4BDD871FF5244F00E67C45 /* Debug */ = {
			isa = XCBuildConfiguration;
			buildSettings = {
				ALWAYS_EMBED_SWIFT_STANDARD_LIBRARIES = YES;
				BUNDLE_LOADER = "$(TEST_HOST)";
				CODE_SIGN_STYLE = Automatic;
				INFOPLIST_FILE = ChatAppTests/Info.plist;
				LD_RUNPATH_SEARCH_PATHS = "$(inherited) @executable_path/Frameworks @loader_path/Frameworks";
				PRODUCT_BUNDLE_IDENTIFIER = dan.ChatAppTests;
				PRODUCT_NAME = "$(TARGET_NAME)";
				SWIFT_VERSION = 4.0;
				TARGETED_DEVICE_FAMILY = "1,2";
				TEST_HOST = "$(BUILT_PRODUCTS_DIR)/ChatApp.app/ChatApp";
			};
			name = Debug;
		};
		DE4BDD881FF5244F00E67C45 /* Release */ = {
			isa = XCBuildConfiguration;
			buildSettings = {
				ALWAYS_EMBED_SWIFT_STANDARD_LIBRARIES = YES;
				BUNDLE_LOADER = "$(TEST_HOST)";
				CODE_SIGN_STYLE = Automatic;
				INFOPLIST_FILE = ChatAppTests/Info.plist;
				LD_RUNPATH_SEARCH_PATHS = "$(inherited) @executable_path/Frameworks @loader_path/Frameworks";
				PRODUCT_BUNDLE_IDENTIFIER = dan.ChatAppTests;
				PRODUCT_NAME = "$(TARGET_NAME)";
				SWIFT_VERSION = 4.0;
				TARGETED_DEVICE_FAMILY = "1,2";
				TEST_HOST = "$(BUILT_PRODUCTS_DIR)/ChatApp.app/ChatApp";
			};
			name = Release;
		};
		DE4BDD8A1FF5244F00E67C45 /* Debug */ = {
			isa = XCBuildConfiguration;
			buildSettings = {
				ALWAYS_EMBED_SWIFT_STANDARD_LIBRARIES = YES;
				CODE_SIGN_STYLE = Automatic;
				INFOPLIST_FILE = ChatAppUITests/Info.plist;
				LD_RUNPATH_SEARCH_PATHS = "$(inherited) @executable_path/Frameworks @loader_path/Frameworks";
				PRODUCT_BUNDLE_IDENTIFIER = dan.ChatAppUITests;
				PRODUCT_NAME = "$(TARGET_NAME)";
				SWIFT_VERSION = 4.0;
				TARGETED_DEVICE_FAMILY = "1,2";
				TEST_TARGET_NAME = ChatApp;
			};
			name = Debug;
		};
		DE4BDD8B1FF5244F00E67C45 /* Release */ = {
			isa = XCBuildConfiguration;
			buildSettings = {
				ALWAYS_EMBED_SWIFT_STANDARD_LIBRARIES = YES;
				CODE_SIGN_STYLE = Automatic;
				INFOPLIST_FILE = ChatAppUITests/Info.plist;
				LD_RUNPATH_SEARCH_PATHS = "$(inherited) @executable_path/Frameworks @loader_path/Frameworks";
				PRODUCT_BUNDLE_IDENTIFIER = dan.ChatAppUITests;
				PRODUCT_NAME = "$(TARGET_NAME)";
				SWIFT_VERSION = 4.0;
				TARGETED_DEVICE_FAMILY = "1,2";
				TEST_TARGET_NAME = ChatApp;
			};
			name = Release;
		};
/* End XCBuildConfiguration section */

/* Begin XCConfigurationList section */
		DE4BDD561FF5244E00E67C45 /* Build configuration list for PBXProject "ChatApp" */ = {
			isa = XCConfigurationList;
			buildConfigurations = (
				DE4BDD811FF5244F00E67C45 /* Debug */,
				DE4BDD821FF5244F00E67C45 /* Release */,
			);
			defaultConfigurationIsVisible = 0;
			defaultConfigurationName = Release;
		};
		DE4BDD831FF5244F00E67C45 /* Build configuration list for PBXNativeTarget "ChatApp" */ = {
			isa = XCConfigurationList;
			buildConfigurations = (
				DE4BDD841FF5244F00E67C45 /* Debug */,
				DE4BDD851FF5244F00E67C45 /* Release */,
			);
			defaultConfigurationIsVisible = 0;
			defaultConfigurationName = Release;
		};
		DE4BDD861FF5244F00E67C45 /* Build configuration list for PBXNativeTarget "ChatAppTests" */ = {
			isa = XCConfigurationList;
			buildConfigurations = (
				DE4BDD871FF5244F00E67C45 /* Debug */,
				DE4BDD881FF5244F00E67C45 /* Release */,
			);
			defaultConfigurationIsVisible = 0;
			defaultConfigurationName = Release;
		};
		DE4BDD891FF5244F00E67C45 /* Build configuration list for PBXNativeTarget "ChatAppUITests" */ = {
			isa = XCConfigurationList;
			buildConfigurations = (
				DE4BDD8A1FF5244F00E67C45 /* Debug */,
				DE4BDD8B1FF5244F00E67C45 /* Release */,
			);
			defaultConfigurationIsVisible = 0;
			defaultConfigurationName = Release;
		};
/* End XCConfigurationList section */
	};
	rootObject = DE4BDD531FF5244E00E67C45 /* Project object */;
}
